
Microsoft Visual Studio Solution File, Format Version 12.00
# Visual Studio 15
VisualStudioVersion = 15.0.27703.2042
MinimumVisualStudioVersion = 10.0.40219.1
Project("{FAE04EC0-301F-11D3-BF4B-00C04F79EFBC}") = "website", "website\website.csproj", "{C6446547-4B17-4C8E-8D1E-0E9037D84328}"
EndProject
Project("{FAE04EC0-301F-11D3-BF4B-00C04F79EFBC}") = "BLL", "BLL\BLL.csproj", "{262E53A8-72E9-4971-924F-A64454964FD2}"
EndProject
Project("{FAE04EC0-301F-11D3-BF4B-00C04F79EFBC}") = "DAL", "DAL\DAL.csproj", "{0F62624C-95E1-436A-85ED-24D54586B29F}"
EndProject
Project("{FAE04EC0-301F-11D3-BF4B-00C04F79EFBC}") = "Common", "Common\Common.csproj", "{17A1993A-F232-4767-8DEA-A9F38E8127E2}"
EndProject
Project("{FAE04EC0-301F-11D3-BF4B-00C04F79EFBC}") = "Model", "Model\Model.csproj", "{88F00F6E-2812-4F6F-8CE6-E1770A088FCF}"
EndProject
Global
	GlobalSection(SolutionConfigurationPlatforms) = preSolution
		Debug|Any CPU = Debug|Any CPU
		Release|Any CPU = Release|Any CPU
	EndGlobalSection
	GlobalSection(ProjectConfigurationPlatforms) = postSolution
		{C6446547-4B17-4C8E-8D1E-0E9037D84328}.Debug|Any CPU.ActiveCfg = Debug|Any CPU
		{C6446547-4B17-4C8E-8D1E-0E9037D84328}.Debug|Any CPU.Build.0 = Debug|Any CPU
		{C6446547-4B17-4C8E-8D1E-0E9037D84328}.Release|Any CPU.ActiveCfg = Release|Any CPU
		{C6446547-4B17-4C8E-8D1E-0E9037D84328}.Release|Any CPU.Build.0 = Release|Any CPU
		{262E53A8-72E9-4971-924F-A64454964FD2}.Debug|Any CPU.ActiveCfg = Debug|Any CPU
		{262E53A8-72E9-4971-924F-A64454964FD2}.Debug|Any CPU.Build.0 = Debug|Any CPU
		{262E53A8-72E9-4971-924F-A64454964FD2}.Release|Any CPU.ActiveCfg = Release|Any CPU
		{262E53A8-72E9-4971-924F-A64454964FD2}.Release|Any CPU.Build.0 = Release|Any CPU
		{0F62624C-95E1-436A-85ED-24D54586B29F}.Debug|Any CPU.ActiveCfg = Debug|Any CPU
		{0F62624C-95E1-436A-85ED-24D54586B29F}.Debug|Any CPU.Build.0 = Debug|Any CPU
		{0F62624C-95E1-436A-85ED-24D54586B29F}.Release|Any CPU.ActiveCfg = Release|Any CPU
		{0F62624C-95E1-436A-85ED-24D54586B29F}.Release|Any CPU.Build.0 = Release|Any CPU
		{17A1993A-F232-4767-8DEA-A9F38E8127E2}.Debug|Any CPU.ActiveCfg = Debug|Any CPU
		{17A1993A-F232-4767-8DEA-A9F38E8127E2}.Debug|Any CPU.Build.0 = Debug|Any CPU
		{17A1993A-F232-4767-8DEA-A9F38E8127E2}.Release|Any CPU.ActiveCfg = Release|Any CPU
		{17A1993A-F232-4767-8DEA-A9F38E8127E2}.Release|Any CPU.Build.0 = Release|Any CPU
		{88F00F6E-2812-4F6F-8CE6-E1770A088FCF}.Debug|Any CPU.ActiveCfg = Debug|Any CPU
		{88F00F6E-2812-4F6F-8CE6-E1770A088FCF}.Debug|Any CPU.Build.0 = Debug|Any CPU
		{88F00F6E-2812-4F6F-8CE6-E1770A088FCF}.Release|Any CPU.ActiveCfg = Release|Any CPU
		{88F00F6E-2812-4F6F-8CE6-E1770A088FCF}.Release|Any CPU.Build.0 = Release|Any CPU
	EndGlobalSection
	GlobalSection(SolutionProperties) = preSolution
		HideSolutionNode = FALSE
	EndGlobalSection
	GlobalSection(ExtensibilityGlobals) = postSolution
		SolutionGuid = {28109090-59A2-492E-AB77-CFC9F0830D49}
	EndGlobalSection
EndGlobal
